
Microsoft Visual Studio Solution File, Format Version 12.00
# Visual Studio Version 17
VisualStudioVersion = 17.0.31903.59
MinimumVisualStudioVersion = 10.0.40219.1
Project("{2150E333-8FDC-42A3-9474-1A3956D46DE8}") = "Andromeda", "Andromeda", "{2B102F5A-E2F6-458B-AB3A-5B9DD85B04B4}"
EndProject
Project("{2150E333-8FDC-42A3-9474-1A3956D46DE8}") = "1 - Ports", "1 - Ports", "{20D502BC-5DEF-4702-865F-E95193FC9A4F}"
EndProject
Project("{2150E333-8FDC-42A3-9474-1A3956D46DE8}") = "2 - Domain", "2 - Domain", "{52ED4F5F-E96C-403D-8E5E-0A2D88BF987C}"
EndProject
Project("{2150E333-8FDC-42A3-9474-1A3956D46DE8}") = "3 - Adapters", "3 - Adapters", "{09FAEF47-B17A-4B4F-A18B-499D4E4CAAA1}"
EndProject
Project("{2150E333-8FDC-42A3-9474-1A3956D46DE8}") = "Application", "Application", "{87DBBB1D-0665-45D0-A6A3-6918D0639A13}"
EndProject
Project("{2150E333-8FDC-42A3-9474-1A3956D46DE8}") = "Core", "Core", "{52BBBC19-F7F9-401D-88A9-365786BB2754}"
EndProject
Project("{2150E333-8FDC-42A3-9474-1A3956D46DE8}") = "DAL", "DAL", "{DB2723A1-8D5E-491A-903B-7A604A67E85A}"
EndProject
Project("{9A19103F-16F7-4668-BE54-9A1E7A4F7556}") = "Andromeda.Domain.Application", "src\Adromeda.Domain.Application\Andromeda.Domain.Application.csproj", "{C6214AE1-AFF5-4FDD-A010-D279C6EB466E}"
EndProject
Project("{FAE04EC0-301F-11D3-BF4B-00C04F79EFBC}") = "Andromeda.Domain.Core", "src\Andromeda.Domain.Core\Andromeda.Domain.Core.csproj", "{CD3F3996-1538-4269-B24E-F1A994D912AB}"
EndProject
Project("{FAE04EC0-301F-11D3-BF4B-00C04F79EFBC}") = "Adnromeda.Adapters.DAL", "src\Adnromeda.Adapters.DAL\Adnromeda.Adapters.DAL.csproj", "{CA3C9490-A22F-46C2-95E1-89C4499A983F}"
EndProject
Project("{FAE04EC0-301F-11D3-BF4B-00C04F79EFBC}") = "Andromeda .Ports.API", "src\Andromeda .Ports.API\Andromeda .Ports.API.csproj", "{3F90669E-B450-43E8-9710-E0818231C013}"
EndProject
Project("{2150E333-8FDC-42A3-9474-1A3956D46DE8}") = "IoC", "IoC", "{153BDAC8-F7F0-477F-A526-6A3D234A6F28}"
EndProject
Project("{FAE04EC0-301F-11D3-BF4B-00C04F79EFBC}") = "Adnromeda.Adapters.IoC", "src\Adnromeda.Adapters.IoC\Adnromeda.Adapters.IoC.csproj", "{694F580F-B4C1-40FE-8F80-5A59E125321A}"
EndProject
Global
	GlobalSection(SolutionConfigurationPlatforms) = preSolution
		Debug|Any CPU = Debug|Any CPU
		Release|Any CPU = Release|Any CPU
	EndGlobalSection
	GlobalSection(ProjectConfigurationPlatforms) = postSolution
		{C6214AE1-AFF5-4FDD-A010-D279C6EB466E}.Debug|Any CPU.ActiveCfg = Debug|Any CPU
		{C6214AE1-AFF5-4FDD-A010-D279C6EB466E}.Debug|Any CPU.Build.0 = Debug|Any CPU
		{C6214AE1-AFF5-4FDD-A010-D279C6EB466E}.Release|Any CPU.ActiveCfg = Release|Any CPU
		{C6214AE1-AFF5-4FDD-A010-D279C6EB466E}.Release|Any CPU.Build.0 = Release|Any CPU
		{CD3F3996-1538-4269-B24E-F1A994D912AB}.Debug|Any CPU.ActiveCfg = Debug|Any CPU
		{CD3F3996-1538-4269-B24E-F1A994D912AB}.Debug|Any CPU.Build.0 = Debug|Any CPU
		{CD3F3996-1538-4269-B24E-F1A994D912AB}.Release|Any CPU.ActiveCfg = Release|Any CPU
		{CD3F3996-1538-4269-B24E-F1A994D912AB}.Release|Any CPU.Build.0 = Release|Any CPU
		{CA3C9490-A22F-46C2-95E1-89C4499A983F}.Debug|Any CPU.ActiveCfg = Debug|Any CPU
		{CA3C9490-A22F-46C2-95E1-89C4499A983F}.Debug|Any CPU.Build.0 = Debug|Any CPU
		{CA3C9490-A22F-46C2-95E1-89C4499A983F}.Release|Any CPU.ActiveCfg = Release|Any CPU
		{CA3C9490-A22F-46C2-95E1-89C4499A983F}.Release|Any CPU.Build.0 = Release|Any CPU
		{3F90669E-B450-43E8-9710-E0818231C013}.Debug|Any CPU.ActiveCfg = Debug|Any CPU
		{3F90669E-B450-43E8-9710-E0818231C013}.Debug|Any CPU.Build.0 = Debug|Any CPU
		{3F90669E-B450-43E8-9710-E0818231C013}.Release|Any CPU.ActiveCfg = Release|Any CPU
		{3F90669E-B450-43E8-9710-E0818231C013}.Release|Any CPU.Build.0 = Release|Any CPU
		{694F580F-B4C1-40FE-8F80-5A59E125321A}.Debug|Any CPU.ActiveCfg = Debug|Any CPU
		{694F580F-B4C1-40FE-8F80-5A59E125321A}.Debug|Any CPU.Build.0 = Debug|Any CPU
		{694F580F-B4C1-40FE-8F80-5A59E125321A}.Release|Any CPU.ActiveCfg = Release|Any CPU
		{694F580F-B4C1-40FE-8F80-5A59E125321A}.Release|Any CPU.Build.0 = Release|Any CPU
	EndGlobalSection
	GlobalSection(SolutionProperties) = preSolution
		HideSolutionNode = FALSE
	EndGlobalSection
	GlobalSection(NestedProjects) = preSolution
		{20D502BC-5DEF-4702-865F-E95193FC9A4F} = {2B102F5A-E2F6-458B-AB3A-5B9DD85B04B4}
		{52ED4F5F-E96C-403D-8E5E-0A2D88BF987C} = {2B102F5A-E2F6-458B-AB3A-5B9DD85B04B4}
		{09FAEF47-B17A-4B4F-A18B-499D4E4CAAA1} = {2B102F5A-E2F6-458B-AB3A-5B9DD85B04B4}
		{87DBBB1D-0665-45D0-A6A3-6918D0639A13} = {52ED4F5F-E96C-403D-8E5E-0A2D88BF987C}
		{52BBBC19-F7F9-401D-88A9-365786BB2754} = {52ED4F5F-E96C-403D-8E5E-0A2D88BF987C}
		{DB2723A1-8D5E-491A-903B-7A604A67E85A} = {09FAEF47-B17A-4B4F-A18B-499D4E4CAAA1}
		{C6214AE1-AFF5-4FDD-A010-D279C6EB466E} = {87DBBB1D-0665-45D0-A6A3-6918D0639A13}
		{CD3F3996-1538-4269-B24E-F1A994D912AB} = {52BBBC19-F7F9-401D-88A9-365786BB2754}
		{CA3C9490-A22F-46C2-95E1-89C4499A983F} = {DB2723A1-8D5E-491A-903B-7A604A67E85A}
		{3F90669E-B450-43E8-9710-E0818231C013} = {20D502BC-5DEF-4702-865F-E95193FC9A4F}
		{153BDAC8-F7F0-477F-A526-6A3D234A6F28} = {09FAEF47-B17A-4B4F-A18B-499D4E4CAAA1}
		{694F580F-B4C1-40FE-8F80-5A59E125321A} = {153BDAC8-F7F0-477F-A526-6A3D234A6F28}
	EndGlobalSection
	GlobalSection(ExtensibilityGlobals) = postSolution
		SolutionGuid = {2686050A-A085-4546-857D-1A9144D12DD8}
	EndGlobalSection
EndGlobal
